
Microsoft Visual Studio Solution File, Format Version 12.00
# Visual Studio Version 16
VisualStudioVersion = 16.0.30907.101
MinimumVisualStudioVersion = 10.0.40219.1
Project("{9A19103F-16F7-4668-BE54-9A1E7A4F7556}") = "Case-School", "Case-School\Case-School.csproj", "{53D871F9-CF95-44D6-875C-B253B4C9CE9C}"
EndProject
Project("{FAE04EC0-301F-11D3-BF4B-00C04F79EFBC}") = "Test", "Test\Test.csproj", "{A5922DD0-C401-44F1-A500-3CA09549F917}"
EndProject
Global
	GlobalSection(SolutionConfigurationPlatforms) = preSolution
		Debug|Any CPU = Debug|Any CPU
		Release|Any CPU = Release|Any CPU
	EndGlobalSection
	GlobalSection(ProjectConfigurationPlatforms) = postSolution
		{53D871F9-CF95-44D6-875C-B253B4C9CE9C}.Debug|Any CPU.ActiveCfg = Debug|Any CPU
		{53D871F9-CF95-44D6-875C-B253B4C9CE9C}.Debug|Any CPU.Build.0 = Debug|Any CPU
		{53D871F9-CF95-44D6-875C-B253B4C9CE9C}.Release|Any CPU.ActiveCfg = Release|Any CPU
		{53D871F9-CF95-44D6-875C-B253B4C9CE9C}.Release|Any CPU.Build.0 = Release|Any CPU
		{A5922DD0-C401-44F1-A500-3CA09549F917}.Debug|Any CPU.ActiveCfg = Debug|Any CPU
		{A5922DD0-C401-44F1-A500-3CA09549F917}.Debug|Any CPU.Build.0 = Debug|Any CPU
		{A5922DD0-C401-44F1-A500-3CA09549F917}.Release|Any CPU.ActiveCfg = Release|Any CPU
		{A5922DD0-C401-44F1-A500-3CA09549F917}.Release|Any CPU.Build.0 = Release|Any CPU
	EndGlobalSection
	GlobalSection(SolutionProperties) = preSolution
		HideSolutionNode = FALSE
	EndGlobalSection
	GlobalSection(ExtensibilityGlobals) = postSolution
		SolutionGuid = {73A52117-41F1-4A25-8284-26B2FEBC2787}
	EndGlobalSection
EndGlobal
